// !$*UTF8*$!
{
	archiveVersion = 1;
	classes = {
	};
	objectVersion = 46;
	objects = {

/* Begin PBXBuildFile section */
		183043101AB417590097DB1B /* AppDelegate.swift in Sources */ = {isa = PBXBuildFile; fileRef = 1830430F1AB417590097DB1B /* AppDelegate.swift */; };
		183043151AB417590097DB1B /* Main.storyboard in Resources */ = {isa = PBXBuildFile; fileRef = 183043131AB417590097DB1B /* Main.storyboard */; };
		183043171AB417590097DB1B /* Images.xcassets in Resources */ = {isa = PBXBuildFile; fileRef = 183043161AB417590097DB1B /* Images.xcassets */; };
		1830431A1AB417590097DB1B /* LaunchScreen.xib in Resources */ = {isa = PBXBuildFile; fileRef = 183043181AB417590097DB1B /* LaunchScreen.xib */; };
		183043261AB417590097DB1B /* CalculatorTests.swift in Sources */ = {isa = PBXBuildFile; fileRef = 183043251AB417590097DB1B /* CalculatorTests.swift */; };
		184664BD1ACA94C200699A93 /* ViewController.swift in Sources */ = {isa = PBXBuildFile; fileRef = 184664BC1ACA94C200699A93 /* ViewController.swift */; };
/* End PBXBuildFile section */

/* Begin PBXContainerItemProxy section */
		183043201AB417590097DB1B /* PBXContainerItemProxy */ = {
			isa = PBXContainerItemProxy;
			containerPortal = 183043021AB417580097DB1B /* Project object */;
			proxyType = 1;
			remoteGlobalIDString = 183043091AB417580097DB1B;
			remoteInfo = Calculator;
		};
/* End PBXContainerItemProxy section */

/* Begin PBXFileReference section */
		1830430A1AB417590097DB1B /* Calculator.app */ = {isa = PBXFileReference; explicitFileType = wrapper.application; includeInIndex = 0; path = Calculator.app; sourceTree = BUILT_PRODUCTS_DIR; };
		1830430E1AB417590097DB1B /* Info.plist */ = {isa = PBXFileReference; lastKnownFileType = text.plist.xml; path = Info.plist; sourceTree = "<group>"; };
		1830430F1AB417590097DB1B /* AppDelegate.swift */ = {isa = PBXFileReference; lastKnownFileType = sourcecode.swift; path = AppDelegate.swift; sourceTree = "<group>"; };
		183043141AB417590097DB1B /* Base */ = {isa = PBXFileReference; lastKnownFileType = file.storyboard; name = Base; path = Base.lproj/Main.storyboard; sourceTree = "<group>"; };
		183043161AB417590097DB1B /* Images.xcassets */ = {isa = PBXFileReference; lastKnownFileType = folder.assetcatalog; path = Images.xcassets; sourceTree = "<group>"; };
		183043191AB417590097DB1B /* Base */ = {isa = PBXFileReference; lastKnownFileType = file.xib; name = Base; path = Base.lproj/LaunchScreen.xib; sourceTree = "<group>"; };
		1830431F1AB417590097DB1B /* CalculatorTests.xctest */ = {isa = PBXFileReference; explicitFileType = wrapper.cfbundle; includeInIndex = 0; path = CalculatorTests.xctest; sourceTree = BUILT_PRODUCTS_DIR; };
		183043241AB417590097DB1B /* Info.plist */ = {isa = PBXFileReference; lastKnownFileType = text.plist.xml; path = Info.plist; sourceTree = "<group>"; };
		183043251AB417590097DB1B /* CalculatorTests.swift */ = {isa = PBXFileReference; lastKnownFileType = sourcecode.swift; path = CalculatorTests.swift; sourceTree = "<group>"; };
		184664BC1ACA94C200699A93 /* ViewController.swift */ = {isa = PBXFileReference; fileEncoding = 4; lastKnownFileType = sourcecode.swift; path = ViewController.swift; sourceTree = "<group>"; };
/* End PBXFileReference section */

/* Begin PBXFrameworksBuildPhase section */
		183043071AB417580097DB1B /* Frameworks */ = {
			isa = PBXFrameworksBuildPhase;
			buildActionMask = 2147483647;
			files = (
			);
			runOnlyForDeploymentPostprocessing = 0;
		};
		1830431C1AB417590097DB1B /* Frameworks */ = {
			isa = PBXFrameworksBuildPhase;
			buildActionMask = 2147483647;
			files = (
			);
			runOnlyForDeploymentPostprocessing = 0;
		};
/* End PBXFrameworksBuildPhase section */

/* Begin PBXGroup section */
		183043011AB417580097DB1B = {
			isa = PBXGroup;
			children = (
				1830430C1AB417590097DB1B /* Calculator */,
				183043221AB417590097DB1B /* CalculatorTests */,
				1830430B1AB417590097DB1B /* Products */,
			);
			sourceTree = "<group>";
		};
		1830430B1AB417590097DB1B /* Products */ = {
			isa = PBXGroup;
			children = (
				1830430A1AB417590097DB1B /* Calculator.app */,
				1830431F1AB417590097DB1B /* CalculatorTests.xctest */,
			);
			name = Products;
			sourceTree = "<group>";
		};
		1830430C1AB417590097DB1B /* Calculator */ = {
			isa = PBXGroup;
			children = (
				184664BC1ACA94C200699A93 /* ViewController.swift */,
				183043131AB417590097DB1B /* Main.storyboard */,
				1830430D1AB417590097DB1B /* Supporting Files */,
			);
			path = Calculator;
			sourceTree = "<group>";
		};
		1830430D1AB417590097DB1B /* Supporting Files */ = {
			isa = PBXGroup;
			children = (
				183043181AB417590097DB1B /* LaunchScreen.xib */,
				183043161AB417590097DB1B /* Images.xcassets */,
				1830430F1AB417590097DB1B /* AppDelegate.swift */,
				1830430E1AB417590097DB1B /* Info.plist */,
			);
			name = "Supporting Files";
			sourceTree = "<group>";
		};
		183043221AB417590097DB1B /* CalculatorTests */ = {
			isa = PBXGroup;
			children = (
				183043251AB417590097DB1B /* CalculatorTests.swift */,
				183043231AB417590097DB1B /* Supporting Files */,
			);
			path = CalculatorTests;
			sourceTree = "<group>";
		};
		183043231AB417590097DB1B /* Supporting Files */ = {
			isa = PBXGroup;
			children = (
				183043241AB417590097DB1B /* Info.plist */,
			);
			name = "Supporting Files";
			sourceTree = "<group>";
		};
/* End PBXGroup section */

/* Begin PBXNativeTarget section */
		183043091AB417580097DB1B /* Calculator */ = {
			isa = PBXNativeTarget;
			buildConfigurationList = 183043291AB417590097DB1B /* Build configuration list for PBXNativeTarget "Calculator" */;
			buildPhases = (
				183043061AB417580097DB1B /* Sources */,
				183043071AB417580097DB1B /* Frameworks */,
				183043081AB417580097DB1B /* Resources */,
			);
			buildRules = (
			);
			dependencies = (
			);
			name = Calculator;
			productName = Calculator;
			productReference = 1830430A1AB417590097DB1B /* Calculator.app */;
			productType = "com.apple.product-type.application";
		};
		1830431E1AB417590097DB1B /* CalculatorTests */ = {
			isa = PBXNativeTarget;
			buildConfigurationList = 1830432C1AB417590097DB1B /* Build configuration list for PBXNativeTarget "CalculatorTests" */;
			buildPhases = (
				1830431B1AB417590097DB1B /* Sources */,
				1830431C1AB417590097DB1B /* Frameworks */,
				1830431D1AB417590097DB1B /* Resources */,
			);
			buildRules = (
			);
			dependencies = (
				183043211AB417590097DB1B /* PBXTargetDependency */,
			);
			name = CalculatorTests;
			productName = CalculatorTests;
			productReference = 1830431F1AB417590097DB1B /* CalculatorTests.xctest */;
			productType = "com.apple.product-type.bundle.unit-test";
		};
/* End PBXNativeTarget section */

/* Begin PBXProject section */
		183043021AB417580097DB1B /* Project object */ = {
			isa = PBXProject;
			attributes = {
				LastUpgradeCheck = 0610;
				ORGANIZATIONNAME = actor;
				TargetAttributes = {
					183043091AB417580097DB1B = {
						CreatedOnToolsVersion = 6.1.1;
					};
					1830431E1AB417590097DB1B = {
						CreatedOnToolsVersion = 6.1.1;
						TestTargetID = 183043091AB417580097DB1B;
					};
				};
			};
			buildConfigurationList = 183043051AB417580097DB1B /* Build configuration list for PBXProject "Calculator" */;
			compatibilityVersion = "Xcode 3.2";
			developmentRegion = English;
			hasScannedForEncodings = 0;
			knownRegions = (
				en,
				Base,
			);
			mainGroup = 183043011AB417580097DB1B;
			productRefGroup = 1830430B1AB417590097DB1B /* Products */;
			projectDirPath = "";
			projectRoot = "";
			targets = (
				183043091AB417580097DB1B /* Calculator */,
				1830431E1AB417590097DB1B /* CalculatorTests */,
			);
		};
/* End PBXProject section */

/* Begin PBXResourcesBuildPhase section */
		183043081AB417580097DB1B /* Resources */ = {
			isa = PBXResourcesBuildPhase;
			buildActionMask = 2147483647;
			files = (
				183043151AB417590097DB1B /* Main.storyboard in Resources */,
				1830431A1AB417590097DB1B /* LaunchScreen.xib in Resources */,
				183043171AB417590097DB1B /* Images.xcassets in Resources */,
			);
			runOnlyForDeploymentPostprocessing = 0;
		};
		1830431D1AB417590097DB1B /* Resources */ = {
			isa = PBXResourcesBuildPhase;
			buildActionMask = 2147483647;
			files = (
			);
			runOnlyForDeploymentPostprocessing = 0;
		};
/* End PBXResourcesBuildPhase section */

/* Begin PBXSourcesBuildPhase section */
		183043061AB417580097DB1B /* Sources */ = {
			isa = PBXSourcesBuildPhase;
			buildActionMask = 2147483647;
			files = (
				184664BD1ACA94C200699A93 /* ViewController.swift in Sources */,
				183043101AB417590097DB1B /* AppDelegate.swift in Sources */,
			);
			runOnlyForDeploymentPostprocessing = 0;
		};
		1830431B1AB417590097DB1B /* Sources */ = {
			isa = PBXSourcesBuildPhase;
			buildActionMask = 2147483647;
			files = (
				183043261AB417590097DB1B /* CalculatorTests.swift in Sources */,
			);
			runOnlyForDeploymentPostprocessing = 0;
		};
/* End PBXSourcesBuildPhase section */

/* Begin PBXTargetDependency section */
		183043211AB417590097DB1B /* PBXTargetDependency */ = {
			isa = PBXTargetDependency;
			target = 183043091AB417580097DB1B /* Calculator */;
			targetProxy = 183043201AB417590097DB1B /* PBXContainerItemProxy */;
		};
/* End PBXTargetDependency section */

/* Begin PBXVariantGroup section */
		183043131AB417590097DB1B /* Main.storyboard */ = {
			isa = PBXVariantGroup;
			children = (
				183043141AB417590097DB1B /* Base */,
			);
			name = Main.storyboard;
			sourceTree = "<group>";
		};
		183043181AB417590097DB1B /* LaunchScreen.xib */ = {
			isa = PBXVariantGroup;
			children = (
				183043191AB417590097DB1B /* Base */,
			);
			name = LaunchScreen.xib;
			sourceTree = "<group>";
		};
/* End PBXVariantGroup section */

/* Begin XCBuildConfiguration section */
		183043271AB417590097DB1B /* Debug */ = {
			isa = XCBuildConfiguration;
			buildSettings = {
				ALWAYS_SEARCH_USER_PATHS = NO;
				CLANG_CXX_LANGUAGE_STANDARD = "gnu++0x";
				CLANG_CXX_LIBRARY = "libc++";
				CLANG_ENABLE_MODULES = YES;
				CLANG_ENABLE_OBJC_ARC = YES;
				CLANG_WARN_BOOL_CONVERSION = YES;
				CLANG_WARN_CONSTANT_CONVERSION = YES;
				CLANG_WARN_DIRECT_OBJC_ISA_USAGE = YES_ERROR;
				CLANG_WARN_EMPTY_BODY = YES;
				CLANG_WARN_ENUM_CONVERSION = YES;
				CLANG_WARN_INT_CONVERSION = YES;
				CLANG_WARN_OBJC_ROOT_CLASS = YES_ERROR;
				CLANG_WARN_UNREACHABLE_CODE = YES;
				CLANG_WARN__DUPLICATE_METHOD_MATCH = YES;
				"CODE_SIGN_IDENTITY[sdk=iphoneos*]" = "iPhone Developer";
				COPY_PHASE_STRIP = NO;
				ENABLE_STRICT_OBJC_MSGSEND = YES;
				GCC_C_LANGUAGE_STANDARD = gnu99;
				GCC_DYNAMIC_NO_PIC = NO;
				GCC_OPTIMIZATION_LEVEL = 0;
				GCC_PREPROCESSOR_DEFINITIONS = (
					"DEBUG=1",
					"$(inherited)",
				);
				GCC_SYMBOLS_PRIVATE_EXTERN = NO;
				GCC_WARN_64_TO_32_BIT_CONVERSION = YES;
				GCC_WARN_ABOUT_RETURN_TYPE = YES_ERROR;
				GCC_WARN_UNDECLARED_SELECTOR = YES;
				GCC_WARN_UNINITIALIZED_AUTOS = YES_AGGRESSIVE;
				GCC_WARN_UNUSED_FUNCTION = YES;
				GCC_WARN_UNUSED_VARIABLE = YES;
				IPHONEOS_DEPLOYMENT_TARGET = 8.1;
				MTL_ENABLE_DEBUG_INFO = YES;
				ONLY_ACTIVE_ARCH = YES;
				SDKROOT = iphoneos;
				SWIFT_OPTIMIZATION_LEVEL = "-Onone";
				TARGETED_DEVICE_FAMILY = "1,2";
			};
			name = Debug;
		};
		183043281AB417590097DB1B /* Release */ = {
			isa = XCBuildConfiguration;
			buildSettings = {
				ALWAYS_SEARCH_USER_PATHS = NO;
				CLANG_CXX_LANGUAGE_STANDARD = "gnu++0x";
				CLANG_CXX_LIBRARY = "libc++";
				CLANG_ENABLE_MODULES = YES;
				CLANG_ENABLE_OBJC_ARC = YES;
				CLANG_WARN_BOOL_CONVERSION = YES;
				CLANG_WARN_CONSTANT_CONVERSION = YES;
				CLANG_WARN_DIRECT_OBJC_ISA_USAGE = YES_ERROR;
				CLANG_WARN_EMPTY_BODY = YES;
				CLANG_WARN_ENUM_CONVERSION = YES;
				CLANG_WARN_INT_CONVERSION = YES;
				CLANG_WARN_OBJC_ROOT_CLASS = YES_ERROR;
				CLANG_WARN_UNREACHABLE_CODE = YES;
				CLANG_WARN__DUPLICATE_METHOD_MATCH = YES;
				"CODE_SIGN_IDENTITY[sdk=iphoneos*]" = "iPhone Developer";
				COPY_PHASE_STRIP = YES;
				ENABLE_NS_ASSERTIONS = NO;
				ENABLE_STRICT_OBJC_MSGSEND = YES;
				GCC_C_LANGUAGE_STANDARD = gnu99;
				GCC_WARN_64_TO_32_BIT_CONVERSION = YES;
				GCC_WARN_ABOUT_RETURN_TYPE = YES_ERROR;
				GCC_WARN_UNDECLARED_SELECTOR = YES;
				GCC_WARN_UNINITIALIZED_AUTOS = YES_AGGRESSIVE;
				GCC_WARN_UNUSED_FUNCTION = YES;
				GCC_WARN_UNUSED_VARIABLE = YES;
				IPHONEOS_DEPLOYMENT_TARGET = 8.1;
				MTL_ENABLE_DEBUG_INFO = NO;
				SDKROOT = iphoneos;
				TARGETED_DEVICE_FAMILY = "1,2";
				VALIDATE_PRODUCT = YES;
			};
			name = Release;
		};
		1830432A1AB417590097DB1B /* Debug */ = {
			isa = XCBuildConfiguration;
			buildSettings = {
				ASSETCATALOG_COMPILER_APPICON_NAME = AppIcon;
				INFOPLIST_FILE = Calculator/Info.plist;
				LD_RUNPATH_SEARCH_PATHS = "$(inherited) @executable_path/Frameworks";
				PRODUCT_NAME = "$(TARGET_NAME)";
			};
			name = Debug;
		};
		1830432B1AB417590097DB1B /* Release */ = {
			isa = XCBuildConfiguration;
			buildSettings = {
				ASSETCATALOG_COMPILER_APPICON_NAME = AppIcon;
				INFOPLIST_FILE = Calculator/Info.plist;
				LD_RUNPATH_SEARCH_PATHS = "$(inherited) @executable_path/Frameworks";
				PRODUCT_NAME = "$(TARGET_NAME)";
			};
			name = Release;
		};
		1830432D1AB417590097DB1B /* Debug */ = {
			isa = XCBuildConfiguration;
			buildSettings = {
				BUNDLE_LOADER = "$(TEST_HOST)";
				FRAMEWORK_SEARCH_PATHS = (
					"$(SDKROOT)/Developer/Library/Frameworks",
					"$(inherited)",
				);
				GCC_PREPROCESSOR_DEFINITIONS = (
					"DEBUG=1",
					"$(inherited)",
				);
				INFOPLIST_FILE = CalculatorTests/Info.plist;
				LD_RUNPATH_SEARCH_PATHS = "$(inherited) @executable_path/Frameworks @loader_path/Frameworks";
				PRODUCT_NAME = "$(TARGET_NAME)";
				TEST_HOST = "$(BUILT_PRODUCTS_DIR)/Calculator.app/Calculator";
			};
			name = Debug;
		};
		1830432E1AB417590097DB1B /* Release */ = {
			isa = XCBuildConfiguration;
			buildSettings = {
				BUNDLE_LOADER = "$(TEST_HOST)";
				FRAMEWORK_SEARCH_PATHS = (
					"$(SDKROOT)/Developer/Library/Frameworks",
					"$(inherited)",
				);
				INFOPLIST_FILE = CalculatorTests/Info.plist;
				LD_RUNPATH_SEARCH_PATHS = "$(inherited) @executable_path/Frameworks @loader_path/Frameworks";
				PRODUCT_NAME = "$(TARGET_NAME)";
				TEST_HOST = "$(BUILT_PRODUCTS_DIR)/Calculator.app/Calculator";
			};
			name = Release;
		};
/* End XCBuildConfiguration section */

/* Begin XCConfigurationList section */
		183043051AB417580097DB1B /* Build configuration list for PBXProject "Calculator" */ = {
			isa = XCConfigurationList;
			buildConfigurations = (
				183043271AB417590097DB1B /* Debug */,
				183043281AB417590097DB1B /* Release */,
			);
			defaultConfigurationIsVisible = 0;
			defaultConfigurationName = Release;
		};
		183043291AB417590097DB1B /* Build configuration list for PBXNativeTarget "Calculator" */ = {
			isa = XCConfigurationList;
			buildConfigurations = (
				1830432A1AB417590097DB1B /* Debug */,
				1830432B1AB417590097DB1B /* Release */,
			);
			defaultConfigurationIsVisible = 0;
			defaultConfigurationName = Release;
		};
		1830432C1AB417590097DB1B /* Build configuration list for PBXNativeTarget "CalculatorTests" */ = {
			isa = XCConfigurationList;
			buildConfigurations = (
				1830432D1AB417590097DB1B /* Debug */,
				1830432E1AB417590097DB1B /* Release */,
			);
			defaultConfigurationIsVisible = 0;
			defaultConfigurationName = Release;
		};
/* End XCConfigurationList section */
	};
	rootObject = 183043021AB417580097DB1B /* Project object */;
}
